// !$*UTF8*$!
{
	archiveVersion = 1;
	classes = {
	};
	objectVersion = 55;
	objects = {

/* Begin PBXBuildFile section */
		130F199329A3413700A0B8B9 /* AppDelegate.swift in Sources */ = {isa = PBXBuildFile; fileRef = 130F199229A3413700A0B8B9 /* AppDelegate.swift */; };
		130F199729A3413700A0B8B9 /* LoginViewController.swift in Sources */ = {isa = PBXBuildFile; fileRef = 130F199629A3413700A0B8B9 /* LoginViewController.swift */; };
		130F199C29A3413900A0B8B9 /* Assets.xcassets in Resources */ = {isa = PBXBuildFile; fileRef = 130F199B29A3413900A0B8B9 /* Assets.xcassets */; };
		130F199F29A3413900A0B8B9 /* LaunchScreen.storyboard in Resources */ = {isa = PBXBuildFile; fileRef = 130F199D29A3413900A0B8B9 /* LaunchScreen.storyboard */; };
		130F19A929A347B200A0B8B9 /* LoginView.swift in Sources */ = {isa = PBXBuildFile; fileRef = 130F19A829A347B200A0B8B9 /* LoginView.swift */; };
		1375DD2D29AC84A0007BB8D7 /* LocalState.swift in Sources */ = {isa = PBXBuildFile; fileRef = 1375DD2C29AC84A0007BB8D7 /* LocalState.swift */; };
		1382382729AC6F4100E2DD6F /* DummyViewController.swift in Sources */ = {isa = PBXBuildFile; fileRef = 1382382629AC6F4100E2DD6F /* DummyViewController.swift */; };
		1382A26E29A7AB4E00A8CFDC /* OnboardingContainerViewController.swift in Sources */ = {isa = PBXBuildFile; fileRef = 1382A26D29A7AB4E00A8CFDC /* OnboardingContainerViewController.swift */; };
		1382A27029A8BCD100A8CFDC /* OnboardingViewController.swift in Sources */ = {isa = PBXBuildFile; fileRef = 1382A26F29A8BCD100A8CFDC /* OnboardingViewController.swift */; };
/* End PBXBuildFile section */

/* Begin PBXFileReference section */
		130F198F29A3413700A0B8B9 /* BankeyRoma.app */ = {isa = PBXFileReference; explicitFileType = wrapper.application; includeInIndex = 0; path = BankeyRoma.app; sourceTree = BUILT_PRODUCTS_DIR; };
		130F199229A3413700A0B8B9 /* AppDelegate.swift */ = {isa = PBXFileReference; lastKnownFileType = sourcecode.swift; path = AppDelegate.swift; sourceTree = "<group>"; };
		130F199629A3413700A0B8B9 /* LoginViewController.swift */ = {isa = PBXFileReference; lastKnownFileType = sourcecode.swift; path = LoginViewController.swift; sourceTree = "<group>"; };
		130F199B29A3413900A0B8B9 /* Assets.xcassets */ = {isa = PBXFileReference; lastKnownFileType = folder.assetcatalog; path = Assets.xcassets; sourceTree = "<group>"; };
		130F199E29A3413900A0B8B9 /* Base */ = {isa = PBXFileReference; lastKnownFileType = file.storyboard; name = Base; path = Base.lproj/LaunchScreen.storyboard; sourceTree = "<group>"; };
		130F19A029A3413900A0B8B9 /* Info.plist */ = {isa = PBXFileReference; lastKnownFileType = text.plist.xml; path = Info.plist; sourceTree = "<group>"; };
		130F19A829A347B200A0B8B9 /* LoginView.swift */ = {isa = PBXFileReference; lastKnownFileType = sourcecode.swift; path = LoginView.swift; sourceTree = "<group>"; };
		1375DD2C29AC84A0007BB8D7 /* LocalState.swift */ = {isa = PBXFileReference; lastKnownFileType = sourcecode.swift; path = LocalState.swift; sourceTree = "<group>"; };
		1382382629AC6F4100E2DD6F /* DummyViewController.swift */ = {isa = PBXFileReference; lastKnownFileType = sourcecode.swift; path = DummyViewController.swift; sourceTree = "<group>"; };
		1382A26D29A7AB4E00A8CFDC /* OnboardingContainerViewController.swift */ = {isa = PBXFileReference; lastKnownFileType = sourcecode.swift; path = OnboardingContainerViewController.swift; sourceTree = "<group>"; };
		1382A26F29A8BCD100A8CFDC /* OnboardingViewController.swift */ = {isa = PBXFileReference; lastKnownFileType = sourcecode.swift; path = OnboardingViewController.swift; sourceTree = "<group>"; };
/* End PBXFileReference section */

/* Begin PBXFrameworksBuildPhase section */
		130F198C29A3413700A0B8B9 /* Frameworks */ = {
			isa = PBXFrameworksBuildPhase;
			buildActionMask = 2147483647;
			files = (
			);
			runOnlyForDeploymentPostprocessing = 0;
		};
/* End PBXFrameworksBuildPhase section */

/* Begin PBXGroup section */
		130F198629A3413700A0B8B9 = {
			isa = PBXGroup;
			children = (
				130F199129A3413700A0B8B9 /* BankeyRoma */,
				130F199029A3413700A0B8B9 /* Products */,
			);
			sourceTree = "<group>";
		};
		130F199029A3413700A0B8B9 /* Products */ = {
			isa = PBXGroup;
			children = (
				130F198F29A3413700A0B8B9 /* BankeyRoma.app */,
			);
			name = Products;
			sourceTree = "<group>";
		};
		130F199129A3413700A0B8B9 /* BankeyRoma */ = {
			isa = PBXGroup;
			children = (
				1375DD2B29AC8450007BB8D7 /* Utils */,
				1382A26C29A7AAC400A8CFDC /* Onboarding */,
				130F19A729A3478700A0B8B9 /* Login */,
				130F199229A3413700A0B8B9 /* AppDelegate.swift */,
				130F19A629A346CF00A0B8B9 /* Files */,
			);
			path = BankeyRoma;
			sourceTree = "<group>";
		};
		130F19A629A346CF00A0B8B9 /* Files */ = {
			isa = PBXGroup;
			children = (
				130F199B29A3413900A0B8B9 /* Assets.xcassets */,
				130F199D29A3413900A0B8B9 /* LaunchScreen.storyboard */,
				130F19A029A3413900A0B8B9 /* Info.plist */,
			);
			name = Files;
			sourceTree = "<group>";
		};
		130F19A729A3478700A0B8B9 /* Login */ = {
			isa = PBXGroup;
			children = (
				130F19A829A347B200A0B8B9 /* LoginView.swift */,
				130F199629A3413700A0B8B9 /* LoginViewController.swift */,
				1382382629AC6F4100E2DD6F /* DummyViewController.swift */,
			);
			path = Login;
			sourceTree = "<group>";
		};
		1375DD2B29AC8450007BB8D7 /* Utils */ = {
			isa = PBXGroup;
			children = (
				1375DD2C29AC84A0007BB8D7 /* LocalState.swift */,
			);
			path = Utils;
			sourceTree = "<group>";
		};
		1382A26C29A7AAC400A8CFDC /* Onboarding */ = {
			isa = PBXGroup;
			children = (
				1382A26D29A7AB4E00A8CFDC /* OnboardingContainerViewController.swift */,
				1382A26F29A8BCD100A8CFDC /* OnboardingViewController.swift */,
			);
			path = Onboarding;
			sourceTree = "<group>";
		};
/* End PBXGroup section */

/* Begin PBXNativeTarget section */
		130F198E29A3413700A0B8B9 /* BankeyRoma */ = {
			isa = PBXNativeTarget;
			buildConfigurationList = 130F19A329A3413900A0B8B9 /* Build configuration list for PBXNativeTarget "BankeyRoma" */;
			buildPhases = (
				130F198B29A3413700A0B8B9 /* Sources */,
				130F198C29A3413700A0B8B9 /* Frameworks */,
				130F198D29A3413700A0B8B9 /* Resources */,
			);
			buildRules = (
			);
			dependencies = (
			);
			name = BankeyRoma;
			productName = BankeyRoma;
			productReference = 130F198F29A3413700A0B8B9 /* BankeyRoma.app */;
			productType = "com.apple.product-type.application";
		};
/* End PBXNativeTarget section */

/* Begin PBXProject section */
		130F198729A3413700A0B8B9 /* Project object */ = {
			isa = PBXProject;
			attributes = {
				BuildIndependentTargetsInParallel = 1;
				LastSwiftUpdateCheck = 1300;
				LastUpgradeCheck = 1300;
				TargetAttributes = {
					130F198E29A3413700A0B8B9 = {
						CreatedOnToolsVersion = 13.0;
					};
				};
			};
			buildConfigurationList = 130F198A29A3413700A0B8B9 /* Build configuration list for PBXProject "BankeyRoma" */;
			compatibilityVersion = "Xcode 13.0";
			developmentRegion = en;
			hasScannedForEncodings = 0;
			knownRegions = (
				en,
				Base,
			);
			mainGroup = 130F198629A3413700A0B8B9;
			productRefGroup = 130F199029A3413700A0B8B9 /* Products */;
			projectDirPath = "";
			projectRoot = "";
			targets = (
				130F198E29A3413700A0B8B9 /* BankeyRoma */,
			);
		};
/* End PBXProject section */

/* Begin PBXResourcesBuildPhase section */
		130F198D29A3413700A0B8B9 /* Resources */ = {
			isa = PBXResourcesBuildPhase;
			buildActionMask = 2147483647;
			files = (
				130F199F29A3413900A0B8B9 /* LaunchScreen.storyboard in Resources */,
				130F199C29A3413900A0B8B9 /* Assets.xcassets in Resources */,
			);
			runOnlyForDeploymentPostprocessing = 0;
		};
/* End PBXResourcesBuildPhase section */

/* Begin PBXSourcesBuildPhase section */
		130F198B29A3413700A0B8B9 /* Sources */ = {
			isa = PBXSourcesBuildPhase;
			buildActionMask = 2147483647;
			files = (
				130F19A929A347B200A0B8B9 /* LoginView.swift in Sources */,
				1375DD2D29AC84A0007BB8D7 /* LocalState.swift in Sources */,
				1382382729AC6F4100E2DD6F /* DummyViewController.swift in Sources */,
				130F199729A3413700A0B8B9 /* LoginViewController.swift in Sources */,
				1382A27029A8BCD100A8CFDC /* OnboardingViewController.swift in Sources */,
				130F199329A3413700A0B8B9 /* AppDelegate.swift in Sources */,
				1382A26E29A7AB4E00A8CFDC /* OnboardingContainerViewController.swift in Sources */,
			);
			runOnlyForDeploymentPostprocessing = 0;
		};
/* End PBXSourcesBuildPhase section */

/* Begin PBXVariantGroup section */
		130F199D29A3413900A0B8B9 /* LaunchScreen.storyboard */ = {
			isa = PBXVariantGroup;
			children = (
				130F199E29A3413900A0B8B9 /* Base */,
			);
			name = LaunchScreen.storyboard;
			sourceTree = "<group>";
		};
/* End PBXVariantGroup section */

/* Begin XCBuildConfiguration section */
		130F19A129A3413900A0B8B9 /* Debug */ = {
			isa = XCBuildConfiguration;
			buildSettings = {
				ALWAYS_SEARCH_USER_PATHS = NO;
				CLANG_ANALYZER_NONNULL = YES;
				CLANG_ANALYZER_NUMBER_OBJECT_CONVERSION = YES_AGGRESSIVE;
				CLANG_CXX_LANGUAGE_STANDARD = "gnu++17";
				CLANG_CXX_LIBRARY = "libc++";
				CLANG_ENABLE_MODULES = YES;
				CLANG_ENABLE_OBJC_ARC = YES;
				CLANG_ENABLE_OBJC_WEAK = YES;
				CLANG_WARN_BLOCK_CAPTURE_AUTORELEASING = YES;
				CLANG_WARN_BOOL_CONVERSION = YES;
				CLANG_WARN_COMMA = YES;
				CLANG_WARN_CONSTANT_CONVERSION = YES;
				CLANG_WARN_DEPRECATED_OBJC_IMPLEMENTATIONS = YES;
				CLANG_WARN_DIRECT_OBJC_ISA_USAGE = YES_ERROR;
				CLANG_WARN_DOCUMENTATION_COMMENTS = YES;
				CLANG_WARN_EMPTY_BODY = YES;
				CLANG_WARN_ENUM_CONVERSION = YES;
				CLANG_WARN_INFINITE_RECURSION = YES;
				CLANG_WARN_INT_CONVERSION = YES;
				CLANG_WARN_NON_LITERAL_NULL_CONVERSION = YES;
				CLANG_WARN_OBJC_IMPLICIT_RETAIN_SELF = YES;
				CLANG_WARN_OBJC_LITERAL_CONVERSION = YES;
				CLANG_WARN_OBJC_ROOT_CLASS = YES_ERROR;
				CLANG_WARN_QUOTED_INCLUDE_IN_FRAMEWORK_HEADER = YES;
				CLANG_WARN_RANGE_LOOP_ANALYSIS = YES;
				CLANG_WARN_STRICT_PROTOTYPES = YES;
				CLANG_WARN_SUSPICIOUS_MOVE = YES;
				CLANG_WARN_UNGUARDED_AVAILABILITY = YES_AGGRESSIVE;
				CLANG_WARN_UNREACHABLE_CODE = YES;
				CLANG_WARN__DUPLICATE_METHOD_MATCH = YES;
				COPY_PHASE_STRIP = NO;
				DEBUG_INFORMATION_FORMAT = dwarf;
				ENABLE_STRICT_OBJC_MSGSEND = YES;
				ENABLE_TESTABILITY = YES;
				GCC_C_LANGUAGE_STANDARD = gnu11;
				GCC_DYNAMIC_NO_PIC = NO;
				GCC_NO_COMMON_BLOCKS = YES;
				GCC_OPTIMIZATION_LEVEL = 0;
				GCC_PREPROCESSOR_DEFINITIONS = (
					"DEBUG=1",
					"$(inherited)",
				);
				GCC_WARN_64_TO_32_BIT_CONVERSION = YES;
				GCC_WARN_ABOUT_RETURN_TYPE = YES_ERROR;
				GCC_WARN_UNDECLARED_SELECTOR = YES;
				GCC_WARN_UNINITIALIZED_AUTOS = YES_AGGRESSIVE;
				GCC_WARN_UNUSED_FUNCTION = YES;
				GCC_WARN_UNUSED_VARIABLE = YES;
				IPHONEOS_DEPLOYMENT_TARGET = 15.0;
				MTL_ENABLE_DEBUG_INFO = INCLUDE_SOURCE;
				MTL_FAST_MATH = YES;
				ONLY_ACTIVE_ARCH = YES;
				SDKROOT = iphoneos;
				SWIFT_ACTIVE_COMPILATION_CONDITIONS = DEBUG;
				SWIFT_OPTIMIZATION_LEVEL = "-Onone";
			};
			name = Debug;
		};
		130F19A229A3413900A0B8B9 /* Release */ = {
			isa = XCBuildConfiguration;
			buildSettings = {
				ALWAYS_SEARCH_USER_PATHS = NO;
				CLANG_ANALYZER_NONNULL = YES;
				CLANG_ANALYZER_NUMBER_OBJECT_CONVERSION = YES_AGGRESSIVE;
				CLANG_CXX_LANGUAGE_STANDARD = "gnu++17";
				CLANG_CXX_LIBRARY = "libc++";
				CLANG_ENABLE_MODULES = YES;
				CLANG_ENABLE_OBJC_ARC = YES;
				CLANG_ENABLE_OBJC_WEAK = YES;
				CLANG_WARN_BLOCK_CAPTURE_AUTORELEASING = YES;
				CLANG_WARN_BOOL_CONVERSION = YES;
				CLANG_WARN_COMMA = YES;
				CLANG_WARN_CONSTANT_CONVERSION = YES;
				CLANG_WARN_DEPRECATED_OBJC_IMPLEMENTATIONS = YES;
				CLANG_WARN_DIRECT_OBJC_ISA_USAGE = YES_ERROR;
				CLANG_WARN_DOCUMENTATION_COMMENTS = YES;
				CLANG_WARN_EMPTY_BODY = YES;
				CLANG_WARN_ENUM_CONVERSION = YES;
				CLANG_WARN_INFINITE_RECURSION = YES;
				CLANG_WARN_INT_CONVERSION = YES;
				CLANG_WARN_NON_LITERAL_NULL_CONVERSION = YES;
				CLANG_WARN_OBJC_IMPLICIT_RETAIN_SELF = YES;
				CLANG_WARN_OBJC_LITERAL_CONVERSION = YES;
				CLANG_WARN_OBJC_ROOT_CLASS = YES_ERROR;
				CLANG_WARN_QUOTED_INCLUDE_IN_FRAMEWORK_HEADER = YES;
				CLANG_WARN_RANGE_LOOP_ANALYSIS = YES;
				CLANG_WARN_STRICT_PROTOTYPES = YES;
				CLANG_WARN_SUSPICIOUS_MOVE = YES;
				CLANG_WARN_UNGUARDED_AVAILABILITY = YES_AGGRESSIVE;
				CLANG_WARN_UNREACHABLE_CODE = YES;
				CLANG_WARN__DUPLICATE_METHOD_MATCH = YES;
				COPY_PHASE_STRIP = NO;
				DEBUG_INFORMATION_FORMAT = "dwarf-with-dsym";
				ENABLE_NS_ASSERTIONS = NO;
				ENABLE_STRICT_OBJC_MSGSEND = YES;
				GCC_C_LANGUAGE_STANDARD = gnu11;
				GCC_NO_COMMON_BLOCKS = YES;
				GCC_WARN_64_TO_32_BIT_CONVERSION = YES;
				GCC_WARN_ABOUT_RETURN_TYPE = YES_ERROR;
				GCC_WARN_UNDECLARED_SELECTOR = YES;
				GCC_WARN_UNINITIALIZED_AUTOS = YES_AGGRESSIVE;
				GCC_WARN_UNUSED_FUNCTION = YES;
				GCC_WARN_UNUSED_VARIABLE = YES;
				IPHONEOS_DEPLOYMENT_TARGET = 15.0;
				MTL_ENABLE_DEBUG_INFO = NO;
				MTL_FAST_MATH = YES;
				SDKROOT = iphoneos;
				SWIFT_COMPILATION_MODE = wholemodule;
				SWIFT_OPTIMIZATION_LEVEL = "-O";
				VALIDATE_PRODUCT = YES;
			};
			name = Release;
		};
		130F19A429A3413900A0B8B9 /* Debug */ = {
			isa = XCBuildConfiguration;
			buildSettings = {
				ASSETCATALOG_COMPILER_APPICON_NAME = AppIcon;
				ASSETCATALOG_COMPILER_GLOBAL_ACCENT_COLOR_NAME = AccentColor;
				CODE_SIGN_STYLE = Automatic;
				CURRENT_PROJECT_VERSION = 1;
				DEVELOPMENT_TEAM = N7PZ67BRVP;
				GENERATE_INFOPLIST_FILE = YES;
				INFOPLIST_FILE = BankeyRoma/Info.plist;
				INFOPLIST_KEY_UIApplicationSupportsIndirectInputEvents = YES;
				INFOPLIST_KEY_UILaunchStoryboardName = LaunchScreen;
				INFOPLIST_KEY_UISupportedInterfaceOrientations_iPad = "UIInterfaceOrientationPortrait UIInterfaceOrientationPortraitUpsideDown UIInterfaceOrientationLandscapeLeft UIInterfaceOrientationLandscapeRight";
				INFOPLIST_KEY_UISupportedInterfaceOrientations_iPhone = "UIInterfaceOrientationPortrait UIInterfaceOrientationLandscapeLeft UIInterfaceOrientationLandscapeRight";
				LD_RUNPATH_SEARCH_PATHS = (
					"$(inherited)",
					"@executable_path/Frameworks",
				);
				MARKETING_VERSION = 1.0;
				PRODUCT_BUNDLE_IDENTIFIER = roma.irgizme.BankeyRoma;
				PRODUCT_NAME = "$(TARGET_NAME)";
				SWIFT_EMIT_LOC_STRINGS = YES;
				SWIFT_VERSION = 5.0;
				TARGETED_DEVICE_FAMILY = "1,2";
			};
			name = Debug;
		};
		130F19A529A3413900A0B8B9 /* Release */ = {
			isa = XCBuildConfiguration;
			buildSettings = {
				ASSETCATALOG_COMPILER_APPICON_NAME = AppIcon;
				ASSETCATALOG_COMPILER_GLOBAL_ACCENT_COLOR_NAME = AccentColor;
				CODE_SIGN_STYLE = Automatic;
				CURRENT_PROJECT_VERSION = 1;
				DEVELOPMENT_TEAM = N7PZ67BRVP;
				GENERATE_INFOPLIST_FILE = YES;
				INFOPLIST_FILE = BankeyRoma/Info.plist;
				INFOPLIST_KEY_UIApplicationSupportsIndirectInputEvents = YES;
				INFOPLIST_KEY_UILaunchStoryboardName = LaunchScreen;
				INFOPLIST_KEY_UISupportedInterfaceOrientations_iPad = "UIInterfaceOrientationPortrait UIInterfaceOrientationPortraitUpsideDown UIInterfaceOrientationLandscapeLeft UIInterfaceOrientationLandscapeRight";
				INFOPLIST_KEY_UISupportedInterfaceOrientations_iPhone = "UIInterfaceOrientationPortrait UIInterfaceOrientationLandscapeLeft UIInterfaceOrientationLandscapeRight";
				LD_RUNPATH_SEARCH_PATHS = (
					"$(inherited)",
					"@executable_path/Frameworks",
				);
				MARKETING_VERSION = 1.0;
				PRODUCT_BUNDLE_IDENTIFIER = roma.irgizme.BankeyRoma;
				PRODUCT_NAME = "$(TARGET_NAME)";
				SWIFT_EMIT_LOC_STRINGS = YES;
				SWIFT_VERSION = 5.0;
				TARGETED_DEVICE_FAMILY = "1,2";
			};
			name = Release;
		};
/* End XCBuildConfiguration section */

/* Begin XCConfigurationList section */
		130F198A29A3413700A0B8B9 /* Build configuration list for PBXProject "BankeyRoma" */ = {
			isa = XCConfigurationList;
			buildConfigurations = (
				130F19A129A3413900A0B8B9 /* Debug */,
				130F19A229A3413900A0B8B9 /* Release */,
			);
			defaultConfigurationIsVisible = 0;
			defaultConfigurationName = Release;
		};
		130F19A329A3413900A0B8B9 /* Build configuration list for PBXNativeTarget "BankeyRoma" */ = {
			isa = XCConfigurationList;
			buildConfigurations = (
				130F19A429A3413900A0B8B9 /* Debug */,
				130F19A529A3413900A0B8B9 /* Release */,
			);
			defaultConfigurationIsVisible = 0;
			defaultConfigurationName = Release;
		};
/* End XCConfigurationList section */
	};
	rootObject = 130F198729A3413700A0B8B9 /* Project object */;
}
